
Microsoft Visual Studio Solution File, Format Version 12.00
# Visual Studio Version 17
VisualStudioVersion = 17.0.31912.275
MinimumVisualStudioVersion = 10.0.40219.1
Project("{FAE04EC0-301F-11D3-BF4B-00C04F79EFBC}") = "JwtWebApiTutorial", "JwtWebApiTutorial\JwtWebApiTutorial.csproj", "{8D874884-B92A-4030-B0CF-D6486540BEFB}"
EndProject
Global
	GlobalSection(SolutionConfigurationPlatforms) = preSolution
		Debug|Any CPU = Debug|Any CPU
		Release|Any CPU = Release|Any CPU
	EndGlobalSection
	GlobalSection(ProjectConfigurationPlatforms) = postSolution
		{8D874884-B92A-4030-B0CF-D6486540BEFB}.Debug|Any CPU.ActiveCfg = Debug|Any CPU
		{8D874884-B92A-4030-B0CF-D6486540BEFB}.Debug|Any CPU.Build.0 = Debug|Any CPU
		{8D874884-B92A-4030-B0CF-D6486540BEFB}.Release|Any CPU.ActiveCfg = Release|Any CPU
		{8D874884-B92A-4030-B0CF-D6486540BEFB}.Release|Any CPU.Build.0 = Release|Any CPU
	EndGlobalSection
	GlobalSection(SolutionProperties) = preSolution
		HideSolutionNode = FALSE
	EndGlobalSection
	GlobalSection(ExtensibilityGlobals) = postSolution
		SolutionGuid = {5EBD3CCF-51A9-41DA-8E00-F5E23F8E56F2}
	EndGlobalSection
EndGlobal
